
Microsoft Visual Studio Solution File, Format Version 12.00
# Visual Studio Version 16
VisualStudioVersion = 16.0.31005.135
MinimumVisualStudioVersion = 10.0.40219.1
Project("{FAE04EC0-301F-11D3-BF4B-00C04F79EFBC}") = "MembershipSystem", "MembershipSystem.csproj", "{92D0D138-E8E7-4CC2-A7DC-5F20AAD6F408}"
EndProject
Global
	GlobalSection(SolutionConfigurationPlatforms) = preSolution
		Debug|Any CPU = Debug|Any CPU
		Release|Any CPU = Release|Any CPU
	EndGlobalSection
	GlobalSection(ProjectConfigurationPlatforms) = postSolution
		{92D0D138-E8E7-4CC2-A7DC-5F20AAD6F408}.Debug|Any CPU.ActiveCfg = Debug|Any CPU
		{92D0D138-E8E7-4CC2-A7DC-5F20AAD6F408}.Debug|Any CPU.Build.0 = Debug|Any CPU
		{92D0D138-E8E7-4CC2-A7DC-5F20AAD6F408}.Release|Any CPU.ActiveCfg = Release|Any CPU
		{92D0D138-E8E7-4CC2-A7DC-5F20AAD6F408}.Release|Any CPU.Build.0 = Release|Any CPU
	EndGlobalSection
	GlobalSection(SolutionProperties) = preSolution
		HideSolutionNode = FALSE
	EndGlobalSection
	GlobalSection(ExtensibilityGlobals) = postSolution
		SolutionGuid = {A2DEAAEB-F36A-4798-A92C-ECE17FE9968B}
	EndGlobalSection
EndGlobal
